
Microsoft Visual Studio Solution File, Format Version 12.00
# Visual Studio Version 16
VisualStudioVersion = 16.0.31005.135
MinimumVisualStudioVersion = 10.0.40219.1
Project("{FAE04EC0-301F-11D3-BF4B-00C04F79EFBC}") = "PronosticoTiempo", "PronosticoTiempo\PronosticoTiempo.csproj", "{BA1942F7-2744-4DEC-AAC9-FCA669A18A89}"
EndProject
Global
	GlobalSection(SolutionConfigurationPlatforms) = preSolution
		Debug|Any CPU = Debug|Any CPU
		Release|Any CPU = Release|Any CPU
	EndGlobalSection
	GlobalSection(ProjectConfigurationPlatforms) = postSolution
		{BA1942F7-2744-4DEC-AAC9-FCA669A18A89}.Debug|Any CPU.ActiveCfg = Debug|Any CPU
		{BA1942F7-2744-4DEC-AAC9-FCA669A18A89}.Debug|Any CPU.Build.0 = Debug|Any CPU
		{BA1942F7-2744-4DEC-AAC9-FCA669A18A89}.Release|Any CPU.ActiveCfg = Release|Any CPU
		{BA1942F7-2744-4DEC-AAC9-FCA669A18A89}.Release|Any CPU.Build.0 = Release|Any CPU
	EndGlobalSection
	GlobalSection(SolutionProperties) = preSolution
		HideSolutionNode = FALSE
	EndGlobalSection
	GlobalSection(ExtensibilityGlobals) = postSolution
		SolutionGuid = {70454A31-E4A4-4B9F-B47F-73391726AC79}
	EndGlobalSection
EndGlobal
